
Microsoft Visual Studio Solution File, Format Version 12.00
# Visual Studio Version 17
VisualStudioVersion = 17.0.32014.148
MinimumVisualStudioVersion = 10.0.40219.1
Project("{FAE04EC0-301F-11D3-BF4B-00C04F79EFBC}") = "BattleShipLite", "BattleShipLite\BattleShipLite.csproj", "{DA5F5F02-3BD3-415D-A76F-ADC198B61DAE}"
EndProject
Project("{FAE04EC0-301F-11D3-BF4B-00C04F79EFBC}") = "ShipLibrary", "ShipLibrary\ShipLibrary.csproj", "{7674F009-C23B-4EDA-BA79-74317ACC3F7C}"
EndProject
Global
	GlobalSection(SolutionConfigurationPlatforms) = preSolution
		Debug|Any CPU = Debug|Any CPU
		Release|Any CPU = Release|Any CPU
	EndGlobalSection
	GlobalSection(ProjectConfigurationPlatforms) = postSolution
		{DA5F5F02-3BD3-415D-A76F-ADC198B61DAE}.Debug|Any CPU.ActiveCfg = Debug|Any CPU
		{DA5F5F02-3BD3-415D-A76F-ADC198B61DAE}.Debug|Any CPU.Build.0 = Debug|Any CPU
		{DA5F5F02-3BD3-415D-A76F-ADC198B61DAE}.Release|Any CPU.ActiveCfg = Release|Any CPU
		{DA5F5F02-3BD3-415D-A76F-ADC198B61DAE}.Release|Any CPU.Build.0 = Release|Any CPU
		{7674F009-C23B-4EDA-BA79-74317ACC3F7C}.Debug|Any CPU.ActiveCfg = Debug|Any CPU
		{7674F009-C23B-4EDA-BA79-74317ACC3F7C}.Debug|Any CPU.Build.0 = Debug|Any CPU
		{7674F009-C23B-4EDA-BA79-74317ACC3F7C}.Release|Any CPU.ActiveCfg = Release|Any CPU
		{7674F009-C23B-4EDA-BA79-74317ACC3F7C}.Release|Any CPU.Build.0 = Release|Any CPU
	EndGlobalSection
	GlobalSection(SolutionProperties) = preSolution
		HideSolutionNode = FALSE
	EndGlobalSection
	GlobalSection(ExtensibilityGlobals) = postSolution
		SolutionGuid = {6F0BE304-1AA7-42B4-A45F-24C3D338837E}
	EndGlobalSection
EndGlobal
